
Microsoft Visual Studio Solution File, Format Version 12.00
# Visual Studio Version 16
VisualStudioVersion = 16.0.30330.147
MinimumVisualStudioVersion = 10.0.40219.1
Project("{9A19103F-16F7-4668-BE54-9A1E7A4F7556}") = "Shashlik.AliyunOss", "Shashlik.AliyunOss\Shashlik.AliyunOss.csproj", "{24376E23-656A-4117-9CDB-45CCE2DCE447}"
EndProject
Project("{9A19103F-16F7-4668-BE54-9A1E7A4F7556}") = "Shashlik.Captcha", "Shashlik.Captcha\Shashlik.Captcha.csproj", "{AEA2D216-8B51-4E5E-8C4A-1C4B024E9556}"
EndProject
Project("{9A19103F-16F7-4668-BE54-9A1E7A4F7556}") = "Shashlik.Captcha.DistributedCache", "Shashlik.Captcha.DistributedCache\Shashlik.Captcha.DistributedCache.csproj", "{0525B928-BB99-4CAB-A6AF-529F1E82D3F2}"
EndProject
Project("{9A19103F-16F7-4668-BE54-9A1E7A4F7556}") = "Shashlik.EfCore", "Shashlik.EfCore\Shashlik.EfCore.csproj", "{93F1F149-5F8F-4481-8877-554DE24992F0}"
EndProject
Project("{9A19103F-16F7-4668-BE54-9A1E7A4F7556}") = "Shashlik.EventBus", "Shashlik.EventBus\Shashlik.EventBus.csproj", "{DA28B7CD-56BC-42AF-A855-83D03EDD0AB3}"
EndProject
Project("{9A19103F-16F7-4668-BE54-9A1E7A4F7556}") = "Shashlik.Kernel", "Shashlik.Kernel\Shashlik.Kernel.csproj", "{C1CB7A8D-9755-48E5-8B6A-A91E7B605FD4}"
EndProject
Project("{9A19103F-16F7-4668-BE54-9A1E7A4F7556}") = "Shashlik.Kernel.AspNetCore", "Shashlik.Kernel.AspNetCore\Shashlik.Kernel.AspNetCore.csproj", "{6C658973-A825-4E83-B387-FF114C491636}"
EndProject
Project("{9A19103F-16F7-4668-BE54-9A1E7A4F7556}") = "Shashlik.Mapper", "Shashlik.Mapper\Shashlik.Mapper.csproj", "{08CFADA1-1940-4321-9213-D96B1BE552C2}"
EndProject
Project("{9A19103F-16F7-4668-BE54-9A1E7A4F7556}") = "Shashlik.Redis", "Shashlik.Redis\Shashlik.Redis.csproj", "{3A3CAF8E-C7CA-4538-B66A-596EF14C8542}"
EndProject
Project("{9A19103F-16F7-4668-BE54-9A1E7A4F7556}") = "Shashlik.Sms", "Shashlik.Sms\Shashlik.Sms.csproj", "{69CDB4DD-25B9-4F82-9777-776C306F8D12}"
EndProject
Project("{9A19103F-16F7-4668-BE54-9A1E7A4F7556}") = "Shashlik.Sms.Event", "Shashlik.Sms.Event\Shashlik.Sms.Event.csproj", "{1A5C5286-4AF5-4EF1-AAD9-457BDBFB605F}"
EndProject
Project("{9A19103F-16F7-4668-BE54-9A1E7A4F7556}") = "Shashlik.Utils", "Shashlik.Utils\Shashlik.Utils.csproj", "{D565DB7C-C12F-4198-B4DB-A8176E483DED}"
EndProject
Project("{2150E333-8FDC-42A3-9474-1A3956D46DE8}") = "tests", "tests", "{6AE2BE45-F46C-4CAF-86FA-B5AFDCC116B6}"
EndProject
Project("{9A19103F-16F7-4668-BE54-9A1E7A4F7556}") = "Shashlik.Utils.Test", "Shashlik.Utils.Test\Shashlik.Utils.Test.csproj", "{0DAB2912-0F2E-4EE3-969A-5A54F529319B}"
EndProject
Project("{FAE04EC0-301F-11D3-BF4B-00C04F79EFBC}") = "Shashlik.Kernel.Test", "Shashlik.Kernel.Test\Shashlik.Kernel.Test.csproj", "{E1D283DD-5362-4B52-9C39-A186BBDAEE57}"
EndProject
Project("{FAE04EC0-301F-11D3-BF4B-00C04F79EFBC}") = "Shashlik.Ids4", "Shashlik.Ids4\Shashlik.Ids4.csproj", "{9DDA764D-B002-4578-A997-9C725160F4D0}"
EndProject
Project("{FAE04EC0-301F-11D3-BF4B-00C04F79EFBC}") = "Shashlik.AspNetCore", "Shashlik.AspNetCore\Shashlik.AspNetCore.csproj", "{21F966C3-692D-4D02-9DDC-814F6D93E43E}"
EndProject
Project("{FAE04EC0-301F-11D3-BF4B-00C04F79EFBC}") = "Shashlik.Ids4.Identity", "Shashlik.Ids4.Identity\Shashlik.Ids4.Identity.csproj", "{DA2968D2-29CE-47A9-96A3-FB24B8C91436}"
EndProject
Project("{FAE04EC0-301F-11D3-BF4B-00C04F79EFBC}") = "Shashlik.Identity", "Shashlik.Identity\Shashlik.Identity.csproj", "{CF02F520-7FBB-41D3-819B-B94532760F60}"
EndProject
Project("{FAE04EC0-301F-11D3-BF4B-00C04F79EFBC}") = "Shashlik.Ids4.MySqlStore", "Shashlik.Ids4.MySqlStore\Shashlik.Ids4.MySqlStore.csproj", "{083257FA-9157-43D1-A855-927CE6EA4FC5}"
EndProject
Project("{FAE04EC0-301F-11D3-BF4B-00C04F79EFBC}") = "Shashlik.Identity.PostgreSql", "Shashlik.Identity.PostgreSql\Shashlik.Identity.PostgreSql.csproj", "{9918C564-4B4E-42B7-8BFB-7083605F984D}"
EndProject
Global
	GlobalSection(SolutionConfigurationPlatforms) = preSolution
		Debug|Any CPU = Debug|Any CPU
		Release|Any CPU = Release|Any CPU
		Test|Any CPU = Test|Any CPU
	EndGlobalSection
	GlobalSection(ProjectConfigurationPlatforms) = postSolution
		{24376E23-656A-4117-9CDB-45CCE2DCE447}.Debug|Any CPU.ActiveCfg = Debug|Any CPU
		{24376E23-656A-4117-9CDB-45CCE2DCE447}.Debug|Any CPU.Build.0 = Debug|Any CPU
		{24376E23-656A-4117-9CDB-45CCE2DCE447}.Release|Any CPU.ActiveCfg = Release|Any CPU
		{24376E23-656A-4117-9CDB-45CCE2DCE447}.Release|Any CPU.Build.0 = Release|Any CPU
		{24376E23-656A-4117-9CDB-45CCE2DCE447}.Test|Any CPU.ActiveCfg = Debug|Any CPU
		{24376E23-656A-4117-9CDB-45CCE2DCE447}.Test|Any CPU.Build.0 = Debug|Any CPU
		{AEA2D216-8B51-4E5E-8C4A-1C4B024E9556}.Debug|Any CPU.ActiveCfg = Debug|Any CPU
		{AEA2D216-8B51-4E5E-8C4A-1C4B024E9556}.Debug|Any CPU.Build.0 = Debug|Any CPU
		{AEA2D216-8B51-4E5E-8C4A-1C4B024E9556}.Release|Any CPU.ActiveCfg = Release|Any CPU
		{AEA2D216-8B51-4E5E-8C4A-1C4B024E9556}.Release|Any CPU.Build.0 = Release|Any CPU
		{AEA2D216-8B51-4E5E-8C4A-1C4B024E9556}.Test|Any CPU.ActiveCfg = Debug|Any CPU
		{AEA2D216-8B51-4E5E-8C4A-1C4B024E9556}.Test|Any CPU.Build.0 = Debug|Any CPU
		{0525B928-BB99-4CAB-A6AF-529F1E82D3F2}.Debug|Any CPU.ActiveCfg = Debug|Any CPU
		{0525B928-BB99-4CAB-A6AF-529F1E82D3F2}.Debug|Any CPU.Build.0 = Debug|Any CPU
		{0525B928-BB99-4CAB-A6AF-529F1E82D3F2}.Release|Any CPU.ActiveCfg = Release|Any CPU
		{0525B928-BB99-4CAB-A6AF-529F1E82D3F2}.Release|Any CPU.Build.0 = Release|Any CPU
		{0525B928-BB99-4CAB-A6AF-529F1E82D3F2}.Test|Any CPU.ActiveCfg = Debug|Any CPU
		{0525B928-BB99-4CAB-A6AF-529F1E82D3F2}.Test|Any CPU.Build.0 = Debug|Any CPU
		{93F1F149-5F8F-4481-8877-554DE24992F0}.Debug|Any CPU.ActiveCfg = Debug|Any CPU
		{93F1F149-5F8F-4481-8877-554DE24992F0}.Debug|Any CPU.Build.0 = Debug|Any CPU
		{93F1F149-5F8F-4481-8877-554DE24992F0}.Release|Any CPU.ActiveCfg = Release|Any CPU
		{93F1F149-5F8F-4481-8877-554DE24992F0}.Release|Any CPU.Build.0 = Release|Any CPU
		{93F1F149-5F8F-4481-8877-554DE24992F0}.Test|Any CPU.ActiveCfg = Debug|Any CPU
		{93F1F149-5F8F-4481-8877-554DE24992F0}.Test|Any CPU.Build.0 = Debug|Any CPU
		{DA28B7CD-56BC-42AF-A855-83D03EDD0AB3}.Debug|Any CPU.ActiveCfg = Debug|Any CPU
		{DA28B7CD-56BC-42AF-A855-83D03EDD0AB3}.Debug|Any CPU.Build.0 = Debug|Any CPU
		{DA28B7CD-56BC-42AF-A855-83D03EDD0AB3}.Release|Any CPU.ActiveCfg = Release|Any CPU
		{DA28B7CD-56BC-42AF-A855-83D03EDD0AB3}.Release|Any CPU.Build.0 = Release|Any CPU
		{DA28B7CD-56BC-42AF-A855-83D03EDD0AB3}.Test|Any CPU.ActiveCfg = Debug|Any CPU
		{DA28B7CD-56BC-42AF-A855-83D03EDD0AB3}.Test|Any CPU.Build.0 = Debug|Any CPU
		{C1CB7A8D-9755-48E5-8B6A-A91E7B605FD4}.Debug|Any CPU.ActiveCfg = Debug|Any CPU
		{C1CB7A8D-9755-48E5-8B6A-A91E7B605FD4}.Debug|Any CPU.Build.0 = Debug|Any CPU
		{C1CB7A8D-9755-48E5-8B6A-A91E7B605FD4}.Release|Any CPU.ActiveCfg = Release|Any CPU
		{C1CB7A8D-9755-48E5-8B6A-A91E7B605FD4}.Release|Any CPU.Build.0 = Release|Any CPU
		{C1CB7A8D-9755-48E5-8B6A-A91E7B605FD4}.Test|Any CPU.ActiveCfg = Debug|Any CPU
		{C1CB7A8D-9755-48E5-8B6A-A91E7B605FD4}.Test|Any CPU.Build.0 = Debug|Any CPU
		{6C658973-A825-4E83-B387-FF114C491636}.Debug|Any CPU.ActiveCfg = Debug|Any CPU
		{6C658973-A825-4E83-B387-FF114C491636}.Debug|Any CPU.Build.0 = Debug|Any CPU
		{6C658973-A825-4E83-B387-FF114C491636}.Release|Any CPU.ActiveCfg = Release|Any CPU
		{6C658973-A825-4E83-B387-FF114C491636}.Release|Any CPU.Build.0 = Release|Any CPU
		{6C658973-A825-4E83-B387-FF114C491636}.Test|Any CPU.ActiveCfg = Debug|Any CPU
		{6C658973-A825-4E83-B387-FF114C491636}.Test|Any CPU.Build.0 = Debug|Any CPU
		{08CFADA1-1940-4321-9213-D96B1BE552C2}.Debug|Any CPU.ActiveCfg = Debug|Any CPU
		{08CFADA1-1940-4321-9213-D96B1BE552C2}.Debug|Any CPU.Build.0 = Debug|Any CPU
		{08CFADA1-1940-4321-9213-D96B1BE552C2}.Release|Any CPU.ActiveCfg = Release|Any CPU
		{08CFADA1-1940-4321-9213-D96B1BE552C2}.Release|Any CPU.Build.0 = Release|Any CPU
		{08CFADA1-1940-4321-9213-D96B1BE552C2}.Test|Any CPU.ActiveCfg = Debug|Any CPU
		{08CFADA1-1940-4321-9213-D96B1BE552C2}.Test|Any CPU.Build.0 = Debug|Any CPU
		{3A3CAF8E-C7CA-4538-B66A-596EF14C8542}.Debug|Any CPU.ActiveCfg = Debug|Any CPU
		{3A3CAF8E-C7CA-4538-B66A-596EF14C8542}.Debug|Any CPU.Build.0 = Debug|Any CPU
		{3A3CAF8E-C7CA-4538-B66A-596EF14C8542}.Release|Any CPU.ActiveCfg = Release|Any CPU
		{3A3CAF8E-C7CA-4538-B66A-596EF14C8542}.Release|Any CPU.Build.0 = Release|Any CPU
		{3A3CAF8E-C7CA-4538-B66A-596EF14C8542}.Test|Any CPU.ActiveCfg = Debug|Any CPU
		{3A3CAF8E-C7CA-4538-B66A-596EF14C8542}.Test|Any CPU.Build.0 = Debug|Any CPU
		{69CDB4DD-25B9-4F82-9777-776C306F8D12}.Debug|Any CPU.ActiveCfg = Debug|Any CPU
		{69CDB4DD-25B9-4F82-9777-776C306F8D12}.Debug|Any CPU.Build.0 = Debug|Any CPU
		{69CDB4DD-25B9-4F82-9777-776C306F8D12}.Release|Any CPU.ActiveCfg = Release|Any CPU
		{69CDB4DD-25B9-4F82-9777-776C306F8D12}.Release|Any CPU.Build.0 = Release|Any CPU
		{69CDB4DD-25B9-4F82-9777-776C306F8D12}.Test|Any CPU.ActiveCfg = Debug|Any CPU
		{69CDB4DD-25B9-4F82-9777-776C306F8D12}.Test|Any CPU.Build.0 = Debug|Any CPU
		{1A5C5286-4AF5-4EF1-AAD9-457BDBFB605F}.Debug|Any CPU.ActiveCfg = Debug|Any CPU
		{1A5C5286-4AF5-4EF1-AAD9-457BDBFB605F}.Debug|Any CPU.Build.0 = Debug|Any CPU
		{1A5C5286-4AF5-4EF1-AAD9-457BDBFB605F}.Release|Any CPU.ActiveCfg = Release|Any CPU
		{1A5C5286-4AF5-4EF1-AAD9-457BDBFB605F}.Release|Any CPU.Build.0 = Release|Any CPU
		{1A5C5286-4AF5-4EF1-AAD9-457BDBFB605F}.Test|Any CPU.ActiveCfg = Debug|Any CPU
		{1A5C5286-4AF5-4EF1-AAD9-457BDBFB605F}.Test|Any CPU.Build.0 = Debug|Any CPU
		{D565DB7C-C12F-4198-B4DB-A8176E483DED}.Debug|Any CPU.ActiveCfg = Debug|Any CPU
		{D565DB7C-C12F-4198-B4DB-A8176E483DED}.Debug|Any CPU.Build.0 = Debug|Any CPU
		{D565DB7C-C12F-4198-B4DB-A8176E483DED}.Release|Any CPU.ActiveCfg = Release|Any CPU
		{D565DB7C-C12F-4198-B4DB-A8176E483DED}.Release|Any CPU.Build.0 = Release|Any CPU
		{D565DB7C-C12F-4198-B4DB-A8176E483DED}.Test|Any CPU.ActiveCfg = Debug|Any CPU
		{D565DB7C-C12F-4198-B4DB-A8176E483DED}.Test|Any CPU.Build.0 = Debug|Any CPU
		{0DAB2912-0F2E-4EE3-969A-5A54F529319B}.Debug|Any CPU.ActiveCfg = Debug|Any CPU
		{0DAB2912-0F2E-4EE3-969A-5A54F529319B}.Debug|Any CPU.Build.0 = Debug|Any CPU
		{0DAB2912-0F2E-4EE3-969A-5A54F529319B}.Release|Any CPU.ActiveCfg = Release|Any CPU
		{0DAB2912-0F2E-4EE3-969A-5A54F529319B}.Release|Any CPU.Build.0 = Release|Any CPU
		{0DAB2912-0F2E-4EE3-969A-5A54F529319B}.Test|Any CPU.ActiveCfg = Debug|Any CPU
		{0DAB2912-0F2E-4EE3-969A-5A54F529319B}.Test|Any CPU.Build.0 = Debug|Any CPU
		{E1D283DD-5362-4B52-9C39-A186BBDAEE57}.Debug|Any CPU.ActiveCfg = Debug|Any CPU
		{E1D283DD-5362-4B52-9C39-A186BBDAEE57}.Debug|Any CPU.Build.0 = Debug|Any CPU
		{E1D283DD-5362-4B52-9C39-A186BBDAEE57}.Release|Any CPU.ActiveCfg = Release|Any CPU
		{E1D283DD-5362-4B52-9C39-A186BBDAEE57}.Release|Any CPU.Build.0 = Release|Any CPU
		{E1D283DD-5362-4B52-9C39-A186BBDAEE57}.Test|Any CPU.ActiveCfg = Debug|Any CPU
		{E1D283DD-5362-4B52-9C39-A186BBDAEE57}.Test|Any CPU.Build.0 = Debug|Any CPU
		{9DDA764D-B002-4578-A997-9C725160F4D0}.Debug|Any CPU.ActiveCfg = Debug|Any CPU
		{9DDA764D-B002-4578-A997-9C725160F4D0}.Debug|Any CPU.Build.0 = Debug|Any CPU
		{9DDA764D-B002-4578-A997-9C725160F4D0}.Release|Any CPU.ActiveCfg = Release|Any CPU
		{9DDA764D-B002-4578-A997-9C725160F4D0}.Release|Any CPU.Build.0 = Release|Any CPU
		{9DDA764D-B002-4578-A997-9C725160F4D0}.Test|Any CPU.ActiveCfg = Debug|Any CPU
		{9DDA764D-B002-4578-A997-9C725160F4D0}.Test|Any CPU.Build.0 = Debug|Any CPU
		{21F966C3-692D-4D02-9DDC-814F6D93E43E}.Debug|Any CPU.ActiveCfg = Debug|Any CPU
		{21F966C3-692D-4D02-9DDC-814F6D93E43E}.Debug|Any CPU.Build.0 = Debug|Any CPU
		{21F966C3-692D-4D02-9DDC-814F6D93E43E}.Release|Any CPU.ActiveCfg = Release|Any CPU
		{21F966C3-692D-4D02-9DDC-814F6D93E43E}.Release|Any CPU.Build.0 = Release|Any CPU
		{21F966C3-692D-4D02-9DDC-814F6D93E43E}.Test|Any CPU.ActiveCfg = Debug|Any CPU
		{21F966C3-692D-4D02-9DDC-814F6D93E43E}.Test|Any CPU.Build.0 = Debug|Any CPU
		{DA2968D2-29CE-47A9-96A3-FB24B8C91436}.Debug|Any CPU.ActiveCfg = Debug|Any CPU
		{DA2968D2-29CE-47A9-96A3-FB24B8C91436}.Debug|Any CPU.Build.0 = Debug|Any CPU
		{DA2968D2-29CE-47A9-96A3-FB24B8C91436}.Release|Any CPU.ActiveCfg = Release|Any CPU
		{DA2968D2-29CE-47A9-96A3-FB24B8C91436}.Release|Any CPU.Build.0 = Release|Any CPU
		{DA2968D2-29CE-47A9-96A3-FB24B8C91436}.Test|Any CPU.ActiveCfg = Debug|Any CPU
		{DA2968D2-29CE-47A9-96A3-FB24B8C91436}.Test|Any CPU.Build.0 = Debug|Any CPU
		{CF02F520-7FBB-41D3-819B-B94532760F60}.Debug|Any CPU.ActiveCfg = Debug|Any CPU
		{CF02F520-7FBB-41D3-819B-B94532760F60}.Debug|Any CPU.Build.0 = Debug|Any CPU
		{CF02F520-7FBB-41D3-819B-B94532760F60}.Release|Any CPU.ActiveCfg = Release|Any CPU
		{CF02F520-7FBB-41D3-819B-B94532760F60}.Release|Any CPU.Build.0 = Release|Any CPU
		{CF02F520-7FBB-41D3-819B-B94532760F60}.Test|Any CPU.ActiveCfg = Debug|Any CPU
		{CF02F520-7FBB-41D3-819B-B94532760F60}.Test|Any CPU.Build.0 = Debug|Any CPU
		{083257FA-9157-43D1-A855-927CE6EA4FC5}.Debug|Any CPU.ActiveCfg = Debug|Any CPU
		{083257FA-9157-43D1-A855-927CE6EA4FC5}.Debug|Any CPU.Build.0 = Debug|Any CPU
		{083257FA-9157-43D1-A855-927CE6EA4FC5}.Release|Any CPU.ActiveCfg = Release|Any CPU
		{083257FA-9157-43D1-A855-927CE6EA4FC5}.Release|Any CPU.Build.0 = Release|Any CPU
		{083257FA-9157-43D1-A855-927CE6EA4FC5}.Test|Any CPU.ActiveCfg = Debug|Any CPU
		{083257FA-9157-43D1-A855-927CE6EA4FC5}.Test|Any CPU.Build.0 = Debug|Any CPU
		{9918C564-4B4E-42B7-8BFB-7083605F984D}.Debug|Any CPU.ActiveCfg = Debug|Any CPU
		{9918C564-4B4E-42B7-8BFB-7083605F984D}.Debug|Any CPU.Build.0 = Debug|Any CPU
		{9918C564-4B4E-42B7-8BFB-7083605F984D}.Release|Any CPU.ActiveCfg = Release|Any CPU
		{9918C564-4B4E-42B7-8BFB-7083605F984D}.Release|Any CPU.Build.0 = Release|Any CPU
		{9918C564-4B4E-42B7-8BFB-7083605F984D}.Test|Any CPU.ActiveCfg = Debug|Any CPU
		{9918C564-4B4E-42B7-8BFB-7083605F984D}.Test|Any CPU.Build.0 = Debug|Any CPU
	EndGlobalSection
	GlobalSection(SolutionProperties) = preSolution
		HideSolutionNode = FALSE
	EndGlobalSection
	GlobalSection(NestedProjects) = preSolution
		{0DAB2912-0F2E-4EE3-969A-5A54F529319B} = {6AE2BE45-F46C-4CAF-86FA-B5AFDCC116B6}
		{E1D283DD-5362-4B52-9C39-A186BBDAEE57} = {6AE2BE45-F46C-4CAF-86FA-B5AFDCC116B6}
	EndGlobalSection
	GlobalSection(ExtensibilityGlobals) = postSolution
		SolutionGuid = {D71F128D-EE1A-43AD-98F7-36850B890A2F}
	EndGlobalSection
EndGlobal
