
Microsoft Visual Studio Solution File, Format Version 12.00
# Visual Studio Version 16
VisualStudioVersion = 16.0.30330.147
MinimumVisualStudioVersion = 10.0.40219.1
Project("{9A19103F-16F7-4668-BE54-9A1E7A4F7556}") = "Shashlik.AliyunOss", "Shashlik.AliyunOss\Shashlik.AliyunOss.csproj", "{24376E23-656A-4117-9CDB-45CCE2DCE447}"
EndProject
Project("{9A19103F-16F7-4668-BE54-9A1E7A4F7556}") = "Shashlik.Captcha", "Shashlik.Captcha\Shashlik.Captcha.csproj", "{AEA2D216-8B51-4E5E-8C4A-1C4B024E9556}"
EndProject
Project("{9A19103F-16F7-4668-BE54-9A1E7A4F7556}") = "Shashlik.Captcha.DistributedCache", "Shashlik.Captcha.DistributedCache\Shashlik.Captcha.DistributedCache.csproj", "{0525B928-BB99-4CAB-A6AF-529F1E82D3F2}"
EndProject
Project("{9A19103F-16F7-4668-BE54-9A1E7A4F7556}") = "Shashlik.EfCore", "Shashlik.EfCore\Shashlik.EfCore.csproj", "{93F1F149-5F8F-4481-8877-554DE24992F0}"
EndProject
Project("{9A19103F-16F7-4668-BE54-9A1E7A4F7556}") = "Shashlik.EventBus", "Shashlik.EventBus\Shashlik.EventBus.csproj", "{DA28B7CD-56BC-42AF-A855-83D03EDD0AB3}"
EndProject
Project("{9A19103F-16F7-4668-BE54-9A1E7A4F7556}") = "Shashlik.Kernel", "Shashlik.Kernel\Shashlik.Kernel.csproj", "{C1CB7A8D-9755-48E5-8B6A-A91E7B605FD4}"
EndProject
Project("{9A19103F-16F7-4668-BE54-9A1E7A4F7556}") = "Shashlik.Mapper", "Shashlik.Mapper\Shashlik.Mapper.csproj", "{08CFADA1-1940-4321-9213-D96B1BE552C2}"
EndProject
Project("{9A19103F-16F7-4668-BE54-9A1E7A4F7556}") = "Shashlik.Redis", "Shashlik.Redis\Shashlik.Redis.csproj", "{3A3CAF8E-C7CA-4538-B66A-596EF14C8542}"
EndProject
Project("{9A19103F-16F7-4668-BE54-9A1E7A4F7556}") = "Shashlik.Sms", "Shashlik.Sms\Shashlik.Sms.csproj", "{69CDB4DD-25B9-4F82-9777-776C306F8D12}"
EndProject
Project("{9A19103F-16F7-4668-BE54-9A1E7A4F7556}") = "Shashlik.Sms.Event", "Shashlik.Sms.Event\Shashlik.Sms.Event.csproj", "{1A5C5286-4AF5-4EF1-AAD9-457BDBFB605F}"
EndProject
Project("{9A19103F-16F7-4668-BE54-9A1E7A4F7556}") = "Shashlik.Utils", "Shashlik.Utils\Shashlik.Utils.csproj", "{D565DB7C-C12F-4198-B4DB-A8176E483DED}"
EndProject
Project("{2150E333-8FDC-42A3-9474-1A3956D46DE8}") = "tests", "tests", "{6AE2BE45-F46C-4CAF-86FA-B5AFDCC116B6}"
EndProject
Project("{9A19103F-16F7-4668-BE54-9A1E7A4F7556}") = "Shashlik.Utils.Test", "Shashlik.Utils.Test\Shashlik.Utils.Test.csproj", "{0DAB2912-0F2E-4EE3-969A-5A54F529319B}"
EndProject
Project("{9A19103F-16F7-4668-BE54-9A1E7A4F7556}") = "Shashlik.Kernel.Test", "Shashlik.Kernel.Test\Shashlik.Kernel.Test.csproj", "{E1D283DD-5362-4B52-9C39-A186BBDAEE57}"
EndProject
Project("{9A19103F-16F7-4668-BE54-9A1E7A4F7556}") = "Shashlik.Ids4", "Shashlik.Ids4\Shashlik.Ids4.csproj", "{9DDA764D-B002-4578-A997-9C725160F4D0}"
EndProject
Project("{9A19103F-16F7-4668-BE54-9A1E7A4F7556}") = "Shashlik.AspNetCore", "Shashlik.AspNetCore\Shashlik.AspNetCore.csproj", "{21F966C3-692D-4D02-9DDC-814F6D93E43E}"
EndProject
Project("{9A19103F-16F7-4668-BE54-9A1E7A4F7556}") = "Shashlik.Ids4.Identity", "Shashlik.Ids4.Identity\Shashlik.Ids4.Identity.csproj", "{DA2968D2-29CE-47A9-96A3-FB24B8C91436}"
EndProject
Project("{9A19103F-16F7-4668-BE54-9A1E7A4F7556}") = "Shashlik.Identity", "Shashlik.Identity\Shashlik.Identity.csproj", "{CF02F520-7FBB-41D3-819B-B94532760F60}"
EndProject
Project("{9A19103F-16F7-4668-BE54-9A1E7A4F7556}") = "Shashlik.Ids4.MySqlStore", "Shashlik.Ids4.MySqlStore\Shashlik.Ids4.MySqlStore.csproj", "{083257FA-9157-43D1-A855-927CE6EA4FC5}"
EndProject
Project("{9A19103F-16F7-4668-BE54-9A1E7A4F7556}") = "Shashlik.Ids4.PostgreSqlStore", "Shashlik.Ids4.PostgreSqlStore\Shashlik.Ids4.PostgreSqlStore.csproj", "{C5364FE5-30F7-46B7-BA54-5B5A186BB639}"
EndProject
Project("{9A19103F-16F7-4668-BE54-9A1E7A4F7556}") = "Shashlik.Identity.MySql", "Shashlik.Identity.MySql\Shashlik.Identity.MySql.csproj", "{05D37D6B-4909-47E0-A510-86441768ACAC}"
EndProject
Project("{9A19103F-16F7-4668-BE54-9A1E7A4F7556}") = "Shashlik.Identity.PostgreSql", "Shashlik.Identity.PostgreSql\Shashlik.Identity.PostgreSql.csproj", "{4FCD1BF4-FD92-436F-BDB7-32853B28D054}"
EndProject
Project("{FAE04EC0-301F-11D3-BF4B-00C04F79EFBC}") = "Shashlik.DataProtector.Redis", "Shashlik.DataProtector.Redis\Shashlik.DataProtector.Redis.csproj", "{692C8050-D6F4-4566-A356-6C987F338B68}"
EndProject
Project("{FAE04EC0-301F-11D3-BF4B-00C04F79EFBC}") = "Shashlik.Response", "Shashlik.Response\Shashlik.Response.csproj", "{D23DA6B8-8104-4940-BCCF-09E45F1C9AB6}"
EndProject
Project("{FAE04EC0-301F-11D3-BF4B-00C04F79EFBC}") = "Shashlik.Identity.Spa", "Shashlik.Identity.Spa\Shashlik.Identity.Spa.csproj", "{DF50827F-9261-4229-BAA0-2DD31D1C19EC}"
EndProject
Project("{FAE04EC0-301F-11D3-BF4B-00C04F79EFBC}") = "Shashlik.JsonPatch", "Shashlik.JsonPatch\Shashlik.JsonPatch.csproj", "{7F170155-2445-45B2-8977-B5A671696A2C}"
EndProject
Project("{FAE04EC0-301F-11D3-BF4B-00C04F79EFBC}") = "Shashlik.JsonPatch.AspNetCore", "Shashlik.JsonPatch.AspNetCore\Shashlik.JsonPatch.AspNetCore.csproj", "{F9D05CFF-7D27-437F-980E-04DE72C9D6C5}"
EndProject
Project("{FAE04EC0-301F-11D3-BF4B-00C04F79EFBC}") = "Shashlik.DataProtector.MySql", "Shashlik.DataProtector.MySql\Shashlik.DataProtector.MySql.csproj", "{EE3FBB28-BDC0-4589-91B9-DFBAABC674EA}"
EndProject
Project("{FAE04EC0-301F-11D3-BF4B-00C04F79EFBC}") = "Shashlik.DataProtector.PostgreSql", "Shashlik.DataProtector.PostgreSql\Shashlik.DataProtector.PostgreSql.csproj", "{6920A36C-4D5F-4A00-A405-013F216909B2}"
EndProject
Project("{FAE04EC0-301F-11D3-BF4B-00C04F79EFBC}") = "Shashlik.Captcha.Totp", "Shashlik.Captcha.Totp\Shashlik.Captcha.Totp.csproj", "{4E706D5F-AB9A-4FC2-BDB2-7B1E99729189}"
EndProject
Global
	GlobalSection(SolutionConfigurationPlatforms) = preSolution
		Debug|Any CPU = Debug|Any CPU
		Release|Any CPU = Release|Any CPU
		Test|Any CPU = Test|Any CPU
	EndGlobalSection
	GlobalSection(ProjectConfigurationPlatforms) = postSolution
		{24376E23-656A-4117-9CDB-45CCE2DCE447}.Debug|Any CPU.ActiveCfg = Debug|Any CPU
		{24376E23-656A-4117-9CDB-45CCE2DCE447}.Debug|Any CPU.Build.0 = Debug|Any CPU
		{24376E23-656A-4117-9CDB-45CCE2DCE447}.Release|Any CPU.ActiveCfg = Release|Any CPU
		{24376E23-656A-4117-9CDB-45CCE2DCE447}.Release|Any CPU.Build.0 = Release|Any CPU
		{24376E23-656A-4117-9CDB-45CCE2DCE447}.Test|Any CPU.ActiveCfg = Debug|Any CPU
		{24376E23-656A-4117-9CDB-45CCE2DCE447}.Test|Any CPU.Build.0 = Debug|Any CPU
		{AEA2D216-8B51-4E5E-8C4A-1C4B024E9556}.Debug|Any CPU.ActiveCfg = Debug|Any CPU
		{AEA2D216-8B51-4E5E-8C4A-1C4B024E9556}.Debug|Any CPU.Build.0 = Debug|Any CPU
		{AEA2D216-8B51-4E5E-8C4A-1C4B024E9556}.Release|Any CPU.ActiveCfg = Release|Any CPU
		{AEA2D216-8B51-4E5E-8C4A-1C4B024E9556}.Release|Any CPU.Build.0 = Release|Any CPU
		{AEA2D216-8B51-4E5E-8C4A-1C4B024E9556}.Test|Any CPU.ActiveCfg = Debug|Any CPU
		{AEA2D216-8B51-4E5E-8C4A-1C4B024E9556}.Test|Any CPU.Build.0 = Debug|Any CPU
		{0525B928-BB99-4CAB-A6AF-529F1E82D3F2}.Debug|Any CPU.ActiveCfg = Debug|Any CPU
		{0525B928-BB99-4CAB-A6AF-529F1E82D3F2}.Debug|Any CPU.Build.0 = Debug|Any CPU
		{0525B928-BB99-4CAB-A6AF-529F1E82D3F2}.Release|Any CPU.ActiveCfg = Release|Any CPU
		{0525B928-BB99-4CAB-A6AF-529F1E82D3F2}.Release|Any CPU.Build.0 = Release|Any CPU
		{0525B928-BB99-4CAB-A6AF-529F1E82D3F2}.Test|Any CPU.ActiveCfg = Debug|Any CPU
		{0525B928-BB99-4CAB-A6AF-529F1E82D3F2}.Test|Any CPU.Build.0 = Debug|Any CPU
		{93F1F149-5F8F-4481-8877-554DE24992F0}.Debug|Any CPU.ActiveCfg = Debug|Any CPU
		{93F1F149-5F8F-4481-8877-554DE24992F0}.Debug|Any CPU.Build.0 = Debug|Any CPU
		{93F1F149-5F8F-4481-8877-554DE24992F0}.Release|Any CPU.ActiveCfg = Release|Any CPU
		{93F1F149-5F8F-4481-8877-554DE24992F0}.Release|Any CPU.Build.0 = Release|Any CPU
		{93F1F149-5F8F-4481-8877-554DE24992F0}.Test|Any CPU.ActiveCfg = Debug|Any CPU
		{93F1F149-5F8F-4481-8877-554DE24992F0}.Test|Any CPU.Build.0 = Debug|Any CPU
		{DA28B7CD-56BC-42AF-A855-83D03EDD0AB3}.Debug|Any CPU.ActiveCfg = Debug|Any CPU
		{DA28B7CD-56BC-42AF-A855-83D03EDD0AB3}.Debug|Any CPU.Build.0 = Debug|Any CPU
		{DA28B7CD-56BC-42AF-A855-83D03EDD0AB3}.Release|Any CPU.ActiveCfg = Release|Any CPU
		{DA28B7CD-56BC-42AF-A855-83D03EDD0AB3}.Release|Any CPU.Build.0 = Release|Any CPU
		{DA28B7CD-56BC-42AF-A855-83D03EDD0AB3}.Test|Any CPU.ActiveCfg = Debug|Any CPU
		{DA28B7CD-56BC-42AF-A855-83D03EDD0AB3}.Test|Any CPU.Build.0 = Debug|Any CPU
		{C1CB7A8D-9755-48E5-8B6A-A91E7B605FD4}.Debug|Any CPU.ActiveCfg = Debug|Any CPU
		{C1CB7A8D-9755-48E5-8B6A-A91E7B605FD4}.Debug|Any CPU.Build.0 = Debug|Any CPU
		{C1CB7A8D-9755-48E5-8B6A-A91E7B605FD4}.Release|Any CPU.ActiveCfg = Release|Any CPU
		{C1CB7A8D-9755-48E5-8B6A-A91E7B605FD4}.Release|Any CPU.Build.0 = Release|Any CPU
		{C1CB7A8D-9755-48E5-8B6A-A91E7B605FD4}.Test|Any CPU.ActiveCfg = Debug|Any CPU
		{C1CB7A8D-9755-48E5-8B6A-A91E7B605FD4}.Test|Any CPU.Build.0 = Debug|Any CPU
		{08CFADA1-1940-4321-9213-D96B1BE552C2}.Debug|Any CPU.ActiveCfg = Debug|Any CPU
		{08CFADA1-1940-4321-9213-D96B1BE552C2}.Debug|Any CPU.Build.0 = Debug|Any CPU
		{08CFADA1-1940-4321-9213-D96B1BE552C2}.Release|Any CPU.ActiveCfg = Release|Any CPU
		{08CFADA1-1940-4321-9213-D96B1BE552C2}.Release|Any CPU.Build.0 = Release|Any CPU
		{08CFADA1-1940-4321-9213-D96B1BE552C2}.Test|Any CPU.ActiveCfg = Debug|Any CPU
		{08CFADA1-1940-4321-9213-D96B1BE552C2}.Test|Any CPU.Build.0 = Debug|Any CPU
		{3A3CAF8E-C7CA-4538-B66A-596EF14C8542}.Debug|Any CPU.ActiveCfg = Debug|Any CPU
		{3A3CAF8E-C7CA-4538-B66A-596EF14C8542}.Debug|Any CPU.Build.0 = Debug|Any CPU
		{3A3CAF8E-C7CA-4538-B66A-596EF14C8542}.Release|Any CPU.ActiveCfg = Release|Any CPU
		{3A3CAF8E-C7CA-4538-B66A-596EF14C8542}.Release|Any CPU.Build.0 = Release|Any CPU
		{3A3CAF8E-C7CA-4538-B66A-596EF14C8542}.Test|Any CPU.ActiveCfg = Debug|Any CPU
		{3A3CAF8E-C7CA-4538-B66A-596EF14C8542}.Test|Any CPU.Build.0 = Debug|Any CPU
		{69CDB4DD-25B9-4F82-9777-776C306F8D12}.Debug|Any CPU.ActiveCfg = Debug|Any CPU
		{69CDB4DD-25B9-4F82-9777-776C306F8D12}.Debug|Any CPU.Build.0 = Debug|Any CPU
		{69CDB4DD-25B9-4F82-9777-776C306F8D12}.Release|Any CPU.ActiveCfg = Release|Any CPU
		{69CDB4DD-25B9-4F82-9777-776C306F8D12}.Release|Any CPU.Build.0 = Release|Any CPU
		{69CDB4DD-25B9-4F82-9777-776C306F8D12}.Test|Any CPU.ActiveCfg = Debug|Any CPU
		{69CDB4DD-25B9-4F82-9777-776C306F8D12}.Test|Any CPU.Build.0 = Debug|Any CPU
		{1A5C5286-4AF5-4EF1-AAD9-457BDBFB605F}.Debug|Any CPU.ActiveCfg = Debug|Any CPU
		{1A5C5286-4AF5-4EF1-AAD9-457BDBFB605F}.Debug|Any CPU.Build.0 = Debug|Any CPU
		{1A5C5286-4AF5-4EF1-AAD9-457BDBFB605F}.Release|Any CPU.ActiveCfg = Release|Any CPU
		{1A5C5286-4AF5-4EF1-AAD9-457BDBFB605F}.Release|Any CPU.Build.0 = Release|Any CPU
		{1A5C5286-4AF5-4EF1-AAD9-457BDBFB605F}.Test|Any CPU.ActiveCfg = Debug|Any CPU
		{1A5C5286-4AF5-4EF1-AAD9-457BDBFB605F}.Test|Any CPU.Build.0 = Debug|Any CPU
		{D565DB7C-C12F-4198-B4DB-A8176E483DED}.Debug|Any CPU.ActiveCfg = Debug|Any CPU
		{D565DB7C-C12F-4198-B4DB-A8176E483DED}.Debug|Any CPU.Build.0 = Debug|Any CPU
		{D565DB7C-C12F-4198-B4DB-A8176E483DED}.Release|Any CPU.ActiveCfg = Release|Any CPU
		{D565DB7C-C12F-4198-B4DB-A8176E483DED}.Release|Any CPU.Build.0 = Release|Any CPU
		{D565DB7C-C12F-4198-B4DB-A8176E483DED}.Test|Any CPU.ActiveCfg = Debug|Any CPU
		{D565DB7C-C12F-4198-B4DB-A8176E483DED}.Test|Any CPU.Build.0 = Debug|Any CPU
		{0DAB2912-0F2E-4EE3-969A-5A54F529319B}.Debug|Any CPU.ActiveCfg = Debug|Any CPU
		{0DAB2912-0F2E-4EE3-969A-5A54F529319B}.Debug|Any CPU.Build.0 = Debug|Any CPU
		{0DAB2912-0F2E-4EE3-969A-5A54F529319B}.Release|Any CPU.ActiveCfg = Release|Any CPU
		{0DAB2912-0F2E-4EE3-969A-5A54F529319B}.Release|Any CPU.Build.0 = Release|Any CPU
		{0DAB2912-0F2E-4EE3-969A-5A54F529319B}.Test|Any CPU.ActiveCfg = Debug|Any CPU
		{0DAB2912-0F2E-4EE3-969A-5A54F529319B}.Test|Any CPU.Build.0 = Debug|Any CPU
		{E1D283DD-5362-4B52-9C39-A186BBDAEE57}.Debug|Any CPU.ActiveCfg = Debug|Any CPU
		{E1D283DD-5362-4B52-9C39-A186BBDAEE57}.Debug|Any CPU.Build.0 = Debug|Any CPU
		{E1D283DD-5362-4B52-9C39-A186BBDAEE57}.Release|Any CPU.ActiveCfg = Release|Any CPU
		{E1D283DD-5362-4B52-9C39-A186BBDAEE57}.Release|Any CPU.Build.0 = Release|Any CPU
		{E1D283DD-5362-4B52-9C39-A186BBDAEE57}.Test|Any CPU.ActiveCfg = Debug|Any CPU
		{E1D283DD-5362-4B52-9C39-A186BBDAEE57}.Test|Any CPU.Build.0 = Debug|Any CPU
		{9DDA764D-B002-4578-A997-9C725160F4D0}.Debug|Any CPU.ActiveCfg = Debug|Any CPU
		{9DDA764D-B002-4578-A997-9C725160F4D0}.Debug|Any CPU.Build.0 = Debug|Any CPU
		{9DDA764D-B002-4578-A997-9C725160F4D0}.Release|Any CPU.ActiveCfg = Release|Any CPU
		{9DDA764D-B002-4578-A997-9C725160F4D0}.Release|Any CPU.Build.0 = Release|Any CPU
		{9DDA764D-B002-4578-A997-9C725160F4D0}.Test|Any CPU.ActiveCfg = Debug|Any CPU
		{9DDA764D-B002-4578-A997-9C725160F4D0}.Test|Any CPU.Build.0 = Debug|Any CPU
		{21F966C3-692D-4D02-9DDC-814F6D93E43E}.Debug|Any CPU.ActiveCfg = Debug|Any CPU
		{21F966C3-692D-4D02-9DDC-814F6D93E43E}.Debug|Any CPU.Build.0 = Debug|Any CPU
		{21F966C3-692D-4D02-9DDC-814F6D93E43E}.Release|Any CPU.ActiveCfg = Release|Any CPU
		{21F966C3-692D-4D02-9DDC-814F6D93E43E}.Release|Any CPU.Build.0 = Release|Any CPU
		{21F966C3-692D-4D02-9DDC-814F6D93E43E}.Test|Any CPU.ActiveCfg = Debug|Any CPU
		{21F966C3-692D-4D02-9DDC-814F6D93E43E}.Test|Any CPU.Build.0 = Debug|Any CPU
		{DA2968D2-29CE-47A9-96A3-FB24B8C91436}.Debug|Any CPU.ActiveCfg = Debug|Any CPU
		{DA2968D2-29CE-47A9-96A3-FB24B8C91436}.Debug|Any CPU.Build.0 = Debug|Any CPU
		{DA2968D2-29CE-47A9-96A3-FB24B8C91436}.Release|Any CPU.ActiveCfg = Release|Any CPU
		{DA2968D2-29CE-47A9-96A3-FB24B8C91436}.Release|Any CPU.Build.0 = Release|Any CPU
		{DA2968D2-29CE-47A9-96A3-FB24B8C91436}.Test|Any CPU.ActiveCfg = Debug|Any CPU
		{DA2968D2-29CE-47A9-96A3-FB24B8C91436}.Test|Any CPU.Build.0 = Debug|Any CPU
		{CF02F520-7FBB-41D3-819B-B94532760F60}.Debug|Any CPU.ActiveCfg = Debug|Any CPU
		{CF02F520-7FBB-41D3-819B-B94532760F60}.Debug|Any CPU.Build.0 = Debug|Any CPU
		{CF02F520-7FBB-41D3-819B-B94532760F60}.Release|Any CPU.ActiveCfg = Release|Any CPU
		{CF02F520-7FBB-41D3-819B-B94532760F60}.Release|Any CPU.Build.0 = Release|Any CPU
		{CF02F520-7FBB-41D3-819B-B94532760F60}.Test|Any CPU.ActiveCfg = Debug|Any CPU
		{CF02F520-7FBB-41D3-819B-B94532760F60}.Test|Any CPU.Build.0 = Debug|Any CPU
		{083257FA-9157-43D1-A855-927CE6EA4FC5}.Debug|Any CPU.ActiveCfg = Debug|Any CPU
		{083257FA-9157-43D1-A855-927CE6EA4FC5}.Debug|Any CPU.Build.0 = Debug|Any CPU
		{083257FA-9157-43D1-A855-927CE6EA4FC5}.Release|Any CPU.ActiveCfg = Release|Any CPU
		{083257FA-9157-43D1-A855-927CE6EA4FC5}.Release|Any CPU.Build.0 = Release|Any CPU
		{083257FA-9157-43D1-A855-927CE6EA4FC5}.Test|Any CPU.ActiveCfg = Debug|Any CPU
		{083257FA-9157-43D1-A855-927CE6EA4FC5}.Test|Any CPU.Build.0 = Debug|Any CPU
		{C5364FE5-30F7-46B7-BA54-5B5A186BB639}.Debug|Any CPU.ActiveCfg = Debug|Any CPU
		{C5364FE5-30F7-46B7-BA54-5B5A186BB639}.Debug|Any CPU.Build.0 = Debug|Any CPU
		{C5364FE5-30F7-46B7-BA54-5B5A186BB639}.Release|Any CPU.ActiveCfg = Release|Any CPU
		{C5364FE5-30F7-46B7-BA54-5B5A186BB639}.Release|Any CPU.Build.0 = Release|Any CPU
		{C5364FE5-30F7-46B7-BA54-5B5A186BB639}.Test|Any CPU.ActiveCfg = Debug|Any CPU
		{C5364FE5-30F7-46B7-BA54-5B5A186BB639}.Test|Any CPU.Build.0 = Debug|Any CPU
		{05D37D6B-4909-47E0-A510-86441768ACAC}.Debug|Any CPU.ActiveCfg = Debug|Any CPU
		{05D37D6B-4909-47E0-A510-86441768ACAC}.Debug|Any CPU.Build.0 = Debug|Any CPU
		{05D37D6B-4909-47E0-A510-86441768ACAC}.Release|Any CPU.ActiveCfg = Release|Any CPU
		{05D37D6B-4909-47E0-A510-86441768ACAC}.Release|Any CPU.Build.0 = Release|Any CPU
		{05D37D6B-4909-47E0-A510-86441768ACAC}.Test|Any CPU.ActiveCfg = Debug|Any CPU
		{05D37D6B-4909-47E0-A510-86441768ACAC}.Test|Any CPU.Build.0 = Debug|Any CPU
		{4FCD1BF4-FD92-436F-BDB7-32853B28D054}.Debug|Any CPU.ActiveCfg = Debug|Any CPU
		{4FCD1BF4-FD92-436F-BDB7-32853B28D054}.Debug|Any CPU.Build.0 = Debug|Any CPU
		{4FCD1BF4-FD92-436F-BDB7-32853B28D054}.Release|Any CPU.ActiveCfg = Release|Any CPU
		{4FCD1BF4-FD92-436F-BDB7-32853B28D054}.Release|Any CPU.Build.0 = Release|Any CPU
		{4FCD1BF4-FD92-436F-BDB7-32853B28D054}.Test|Any CPU.ActiveCfg = Debug|Any CPU
		{4FCD1BF4-FD92-436F-BDB7-32853B28D054}.Test|Any CPU.Build.0 = Debug|Any CPU
		{692C8050-D6F4-4566-A356-6C987F338B68}.Debug|Any CPU.ActiveCfg = Debug|Any CPU
		{692C8050-D6F4-4566-A356-6C987F338B68}.Debug|Any CPU.Build.0 = Debug|Any CPU
		{692C8050-D6F4-4566-A356-6C987F338B68}.Release|Any CPU.ActiveCfg = Release|Any CPU
		{692C8050-D6F4-4566-A356-6C987F338B68}.Release|Any CPU.Build.0 = Release|Any CPU
		{692C8050-D6F4-4566-A356-6C987F338B68}.Test|Any CPU.ActiveCfg = Debug|Any CPU
		{692C8050-D6F4-4566-A356-6C987F338B68}.Test|Any CPU.Build.0 = Debug|Any CPU
		{D23DA6B8-8104-4940-BCCF-09E45F1C9AB6}.Debug|Any CPU.ActiveCfg = Debug|Any CPU
		{D23DA6B8-8104-4940-BCCF-09E45F1C9AB6}.Debug|Any CPU.Build.0 = Debug|Any CPU
		{D23DA6B8-8104-4940-BCCF-09E45F1C9AB6}.Release|Any CPU.ActiveCfg = Release|Any CPU
		{D23DA6B8-8104-4940-BCCF-09E45F1C9AB6}.Release|Any CPU.Build.0 = Release|Any CPU
		{D23DA6B8-8104-4940-BCCF-09E45F1C9AB6}.Test|Any CPU.ActiveCfg = Debug|Any CPU
		{D23DA6B8-8104-4940-BCCF-09E45F1C9AB6}.Test|Any CPU.Build.0 = Debug|Any CPU
		{DF50827F-9261-4229-BAA0-2DD31D1C19EC}.Debug|Any CPU.ActiveCfg = Debug|Any CPU
		{DF50827F-9261-4229-BAA0-2DD31D1C19EC}.Debug|Any CPU.Build.0 = Debug|Any CPU
		{DF50827F-9261-4229-BAA0-2DD31D1C19EC}.Release|Any CPU.ActiveCfg = Release|Any CPU
		{DF50827F-9261-4229-BAA0-2DD31D1C19EC}.Release|Any CPU.Build.0 = Release|Any CPU
		{DF50827F-9261-4229-BAA0-2DD31D1C19EC}.Test|Any CPU.ActiveCfg = Debug|Any CPU
		{DF50827F-9261-4229-BAA0-2DD31D1C19EC}.Test|Any CPU.Build.0 = Debug|Any CPU
		{7F170155-2445-45B2-8977-B5A671696A2C}.Debug|Any CPU.ActiveCfg = Debug|Any CPU
		{7F170155-2445-45B2-8977-B5A671696A2C}.Debug|Any CPU.Build.0 = Debug|Any CPU
		{7F170155-2445-45B2-8977-B5A671696A2C}.Release|Any CPU.ActiveCfg = Release|Any CPU
		{7F170155-2445-45B2-8977-B5A671696A2C}.Release|Any CPU.Build.0 = Release|Any CPU
		{7F170155-2445-45B2-8977-B5A671696A2C}.Test|Any CPU.ActiveCfg = Debug|Any CPU
		{7F170155-2445-45B2-8977-B5A671696A2C}.Test|Any CPU.Build.0 = Debug|Any CPU
		{F9D05CFF-7D27-437F-980E-04DE72C9D6C5}.Debug|Any CPU.ActiveCfg = Debug|Any CPU
		{F9D05CFF-7D27-437F-980E-04DE72C9D6C5}.Debug|Any CPU.Build.0 = Debug|Any CPU
		{F9D05CFF-7D27-437F-980E-04DE72C9D6C5}.Release|Any CPU.ActiveCfg = Release|Any CPU
		{F9D05CFF-7D27-437F-980E-04DE72C9D6C5}.Release|Any CPU.Build.0 = Release|Any CPU
		{F9D05CFF-7D27-437F-980E-04DE72C9D6C5}.Test|Any CPU.ActiveCfg = Debug|Any CPU
		{F9D05CFF-7D27-437F-980E-04DE72C9D6C5}.Test|Any CPU.Build.0 = Debug|Any CPU
		{EE3FBB28-BDC0-4589-91B9-DFBAABC674EA}.Debug|Any CPU.ActiveCfg = Debug|Any CPU
		{EE3FBB28-BDC0-4589-91B9-DFBAABC674EA}.Debug|Any CPU.Build.0 = Debug|Any CPU
		{EE3FBB28-BDC0-4589-91B9-DFBAABC674EA}.Release|Any CPU.ActiveCfg = Release|Any CPU
		{EE3FBB28-BDC0-4589-91B9-DFBAABC674EA}.Release|Any CPU.Build.0 = Release|Any CPU
		{EE3FBB28-BDC0-4589-91B9-DFBAABC674EA}.Test|Any CPU.ActiveCfg = Debug|Any CPU
		{EE3FBB28-BDC0-4589-91B9-DFBAABC674EA}.Test|Any CPU.Build.0 = Debug|Any CPU
		{6920A36C-4D5F-4A00-A405-013F216909B2}.Debug|Any CPU.ActiveCfg = Debug|Any CPU
		{6920A36C-4D5F-4A00-A405-013F216909B2}.Debug|Any CPU.Build.0 = Debug|Any CPU
		{6920A36C-4D5F-4A00-A405-013F216909B2}.Release|Any CPU.ActiveCfg = Release|Any CPU
		{6920A36C-4D5F-4A00-A405-013F216909B2}.Release|Any CPU.Build.0 = Release|Any CPU
		{6920A36C-4D5F-4A00-A405-013F216909B2}.Test|Any CPU.ActiveCfg = Debug|Any CPU
		{6920A36C-4D5F-4A00-A405-013F216909B2}.Test|Any CPU.Build.0 = Debug|Any CPU
		{4E706D5F-AB9A-4FC2-BDB2-7B1E99729189}.Debug|Any CPU.ActiveCfg = Debug|Any CPU
		{4E706D5F-AB9A-4FC2-BDB2-7B1E99729189}.Debug|Any CPU.Build.0 = Debug|Any CPU
		{4E706D5F-AB9A-4FC2-BDB2-7B1E99729189}.Release|Any CPU.ActiveCfg = Release|Any CPU
		{4E706D5F-AB9A-4FC2-BDB2-7B1E99729189}.Release|Any CPU.Build.0 = Release|Any CPU
		{4E706D5F-AB9A-4FC2-BDB2-7B1E99729189}.Test|Any CPU.ActiveCfg = Debug|Any CPU
		{4E706D5F-AB9A-4FC2-BDB2-7B1E99729189}.Test|Any CPU.Build.0 = Debug|Any CPU
	EndGlobalSection
	GlobalSection(SolutionProperties) = preSolution
		HideSolutionNode = FALSE
	EndGlobalSection
	GlobalSection(NestedProjects) = preSolution
		{0DAB2912-0F2E-4EE3-969A-5A54F529319B} = {6AE2BE45-F46C-4CAF-86FA-B5AFDCC116B6}
		{E1D283DD-5362-4B52-9C39-A186BBDAEE57} = {6AE2BE45-F46C-4CAF-86FA-B5AFDCC116B6}
	EndGlobalSection
	GlobalSection(ExtensibilityGlobals) = postSolution
		SolutionGuid = {D71F128D-EE1A-43AD-98F7-36850B890A2F}
	EndGlobalSection
EndGlobal
